
Microsoft Visual Studio Solution File, Format Version 12.00
# Visual Studio Version 16
VisualStudioVersion = 16.0.30717.126
MinimumVisualStudioVersion = 10.0.40219.1
Project("{FAE04EC0-301F-11D3-BF4B-00C04F79EFBC}") = "nxn-MOD", "nxn-MOD\nxn-MOD.csproj", "{B030BFEE-E4C8-4C5B-B332-D4E0346B21D3}"
EndProject
Project("{FAE04EC0-301F-11D3-BF4B-00C04F79EFBC}") = "NUnitTests", "NUnitTests\NUnitTests.csproj", "{AD39CB3B-DFBF-4DC6-853D-30220B30FA50}"
EndProject
Global
	GlobalSection(SolutionConfigurationPlatforms) = preSolution
		Debug|Any CPU = Debug|Any CPU
		Release|Any CPU = Release|Any CPU
	EndGlobalSection
	GlobalSection(ProjectConfigurationPlatforms) = postSolution
		{B030BFEE-E4C8-4C5B-B332-D4E0346B21D3}.Debug|Any CPU.ActiveCfg = Debug|Any CPU
		{B030BFEE-E4C8-4C5B-B332-D4E0346B21D3}.Debug|Any CPU.Build.0 = Debug|Any CPU
		{B030BFEE-E4C8-4C5B-B332-D4E0346B21D3}.Release|Any CPU.ActiveCfg = Release|Any CPU
		{B030BFEE-E4C8-4C5B-B332-D4E0346B21D3}.Release|Any CPU.Build.0 = Release|Any CPU
		{AD39CB3B-DFBF-4DC6-853D-30220B30FA50}.Debug|Any CPU.ActiveCfg = Debug|Any CPU
		{AD39CB3B-DFBF-4DC6-853D-30220B30FA50}.Debug|Any CPU.Build.0 = Debug|Any CPU
		{AD39CB3B-DFBF-4DC6-853D-30220B30FA50}.Release|Any CPU.ActiveCfg = Release|Any CPU
		{AD39CB3B-DFBF-4DC6-853D-30220B30FA50}.Release|Any CPU.Build.0 = Release|Any CPU
	EndGlobalSection
	GlobalSection(SolutionProperties) = preSolution
		HideSolutionNode = FALSE
	EndGlobalSection
	GlobalSection(ExtensibilityGlobals) = postSolution
		SolutionGuid = {BE9FB5A6-929B-413E-BF3F-BDDBCDF73FD1}
	EndGlobalSection
EndGlobal
